
Microsoft Visual Studio Solution File, Format Version 12.00
# Visual Studio 15
VisualStudioVersion = 15.0.28010.2036
MinimumVisualStudioVersion = 10.0.40219.1
Project("{FAE04EC0-301F-11D3-BF4B-00C04F79EFBC}") = "BookList", "BookList\BookList.csproj", "{1BB5A767-CBA9-4A3F-81B3-F0354D43C459}"
EndProject
Global
	GlobalSection(SolutionConfigurationPlatforms) = preSolution
		Debug|Any CPU = Debug|Any CPU
		Release|Any CPU = Release|Any CPU
	EndGlobalSection
	GlobalSection(ProjectConfigurationPlatforms) = postSolution
		{1BB5A767-CBA9-4A3F-81B3-F0354D43C459}.Debug|Any CPU.ActiveCfg = Debug|Any CPU
		{1BB5A767-CBA9-4A3F-81B3-F0354D43C459}.Debug|Any CPU.Build.0 = Debug|Any CPU
		{1BB5A767-CBA9-4A3F-81B3-F0354D43C459}.Release|Any CPU.ActiveCfg = Release|Any CPU
		{1BB5A767-CBA9-4A3F-81B3-F0354D43C459}.Release|Any CPU.Build.0 = Release|Any CPU
	EndGlobalSection
	GlobalSection(SolutionProperties) = preSolution
		HideSolutionNode = FALSE
	EndGlobalSection
	GlobalSection(ExtensibilityGlobals) = postSolution
		SolutionGuid = {BB1EA34A-8CDB-4CC9-B415-8A0A415A06E4}
	EndGlobalSection
EndGlobal
